# THIS IS AN AUTOGENERATED FILE. DO NOT EDIT THIS FILE DIRECTLY.
# yarn lockfile v1


markdown-it-abbr@^1.0.4:
  version "1.0.4"
  resolved "https://registry.yarnpkg.com/markdown-it-abbr/-/markdown-it-abbr-1.0.4.tgz#d66b5364521cbb3dd8aa59dadfba2fb6865c8fd8"
  integrity sha1-1mtTZFIcuz3Yqlna37ovtoZcj9g=

markdown-it-checkbox@^1.1.0:
  version "1.1.0"
  resolved "https://registry.yarnpkg.com/markdown-it-checkbox/-/markdown-it-checkbox-1.1.0.tgz#20cff97f33d77d172f9dcf1bcfc92cecc5330fac"
  integrity sha1-IM/5fzPXfRcvnc8bz8ks7MUzD6w=
  dependencies:
    underscore "^1.8.2"

markdown-it-container@^2.0.0:
  version "2.0.0"
  resolved "https://registry.yarnpkg.com/markdown-it-container/-/markdown-it-container-2.0.0.tgz#0019b43fd02eefece2f1960a2895fba81a404695"
  integrity sha1-ABm0P9Au7+zi8ZYKKJX7qBpARpU=

markdown-it-deflist@^2.0.3:
  version "2.0.3"
  resolved "https://registry.yarnpkg.com/markdown-it-deflist/-/markdown-it-deflist-2.0.3.tgz#5727db04184d3cb2bc6ee4a9641e3a1091d5fd6f"
  integrity sha512-/BNZ8ksW42bflm1qQLnRI09oqU2847Z7MVavrR0MORyKLtiUYOMpwtlAfMSZAQU9UCvaUZMpgVAqoS3vpToJxw==

markdown-it-emoji@^1.4.0:
  version "1.4.0"
  resolved "https://registry.yarnpkg.com/markdown-it-emoji/-/markdown-it-emoji-1.4.0.tgz#9bee0e9a990a963ba96df6980c4fddb05dfb4dcc"
  integrity sha1-m+4OmpkKljupbfaYDE/dsF37Tcw=

markdown-it-footnote@^3.0.1:
  version "3.0.1"
  resolved "https://registry.yarnpkg.com/markdown-it-footnote/-/markdown-it-footnote-3.0.1.tgz#7f3730747cacc86e2fe0bf8a17a710f34791517a"
  integrity sha1-fzcwdHysyG4v4L+KF6cQ80eRUXo=

markdown-it-imsize@^2.0.1:
  version "2.0.1"
  resolved "https://registry.yarnpkg.com/markdown-it-imsize/-/markdown-it-imsize-2.0.1.tgz#cca0427905d05338a247cb9ca9d968c5cddd5170"
  integrity sha1-zKBCeQXQUziiR8ucqdloxc3dUXA=

markdown-it-kbd@^2.0.0:
  version "2.0.0"
  resolved "https://registry.yarnpkg.com/markdown-it-kbd/-/markdown-it-kbd-2.0.0.tgz#adfbd1feddf2f22e2b1636107af748ebbfb9c4f8"
  integrity sha512-wMEFAF6WIcitSLt2uGuqXjOB6EfmpML7FN6KI8WdhI2A5l1SsgtmaFPR1ss7BjIqUrtjSk4tNhSl0azt3quwEA==

markdown-it-sub@^1.0.0:
  version "1.0.0"
  resolved "https://registry.yarnpkg.com/markdown-it-sub/-/markdown-it-sub-1.0.0.tgz#375fd6026eae7ddcb012497f6411195ea1e3afe8"
  integrity sha1-N1/WAm6ufdywEkl/ZBEZXqHjr+g=

markdown-it-sup@^1.0.0:
  version "1.0.0"
  resolved "https://registry.yarnpkg.com/markdown-it-sup/-/markdown-it-sup-1.0.0.tgz#cb9c9ff91a5255ac08f3fd3d63286e15df0a1fc3"
  integrity sha1-y5yf+RpSVawI8/09YyhuFd8KH8M=

underscore@^1.8.2:
  version "1.9.1"
  resolved "https://registry.yarnpkg.com/underscore/-/underscore-1.9.1.tgz#06dce34a0e68a7babc29b365b8e74b8925203961"
  integrity sha512-5/4etnCkd9c8gwgowi5/om/mYO5ajCaOgdzj/oW+0eQV9WxKBDZw5+ycmKmeaTXjInS/W0BzpGLo2xR2aBwZdg==
